{
  "name": "demo",
  "version": "1.0.0",
  "lockfileVersion": 2,
  "requires": true,
  "packages": {
    "": {
      "name": "demo",
      "version": "1.0.0",
      "license": "ISC",
      "dependencies": {
        "@500historias/sarlib": "file:../"
      }
    },
    "..": {
      "name": "@500historias/sarlib",
      "version": "1.2.0",
      "dependencies": {
        "toastify-js": "^1.12.0"
      },
      "devDependencies": {
        "@rollup/plugin-commonjs": "^24.1.0",
        "@rollup/plugin-node-resolve": "^15.0.2",
        "@rollup/plugin-terser": "^0.4.1",
        "release-it": "^15.10.3",
        "rollup": "^3.21.3"
      }
    },
    "../dist": {
      "extraneous": true
    },
    "node_modules/@500historias/sarlib": {
      "resolved": "..",
      "link": true
    }
  },
  "dependencies": {
    "@500historias/sarlib": {
      "version": "file:..",
      "requires": {
        "@rollup/plugin-commonjs": "^24.1.0",
        "@rollup/plugin-node-resolve": "^15.0.2",
        "@rollup/plugin-terser": "^0.4.1",
        "release-it": "^15.10.3",
        "rollup": "^3.21.3",
        "toastify-js": "^1.12.0"
      }
    }
  }
}
